
Microsoft Visual Studio Solution File, Format Version 12.00
# Visual Studio 15
Project("{FAE04EC0-301F-11D3-BF4B-00C04F79EFBC}") = "Xamarin.Forms.ImageEntry", "Xamarin.Forms.ImageEntry\Xamarin.Forms.ImageEntry.csproj", "{1C7A3EDE-281B-4B11-B7AB-A39B29D523EF}"
EndProject
Project("{FAE04EC0-301F-11D3-BF4B-00C04F79EFBC}") = "Xamarin.Forms.ImageEntry.Android", "Xamarin.Forms.ImageEntry.Android\Xamarin.Forms.ImageEntry.Android.csproj", "{0C404C95-DCAD-4106-94DE-73F3DF2CC43C}"
EndProject
Project("{FAE04EC0-301F-11D3-BF4B-00C04F79EFBC}") = "Xamarin.Forms.ImageEntry.iOS", "Xamarin.Forms.ImageEntry.iOS\Xamarin.Forms.ImageEntry.iOS.csproj", "{1887FD3D-C784-4483-8EA1-7A8DD6BAA3B8}"
EndProject
Global
	GlobalSection(SolutionConfigurationPlatforms) = preSolution
		Debug|Any CPU = Debug|Any CPU
		Release|Any CPU = Release|Any CPU
	EndGlobalSection
	GlobalSection(ProjectConfigurationPlatforms) = postSolution
		{1C7A3EDE-281B-4B11-B7AB-A39B29D523EF}.Debug|Any CPU.ActiveCfg = Debug|Any CPU
		{1C7A3EDE-281B-4B11-B7AB-A39B29D523EF}.Debug|Any CPU.Build.0 = Debug|Any CPU
		{1C7A3EDE-281B-4B11-B7AB-A39B29D523EF}.Release|Any CPU.ActiveCfg = Release|Any CPU
		{1C7A3EDE-281B-4B11-B7AB-A39B29D523EF}.Release|Any CPU.Build.0 = Release|Any CPU
		{0C404C95-DCAD-4106-94DE-73F3DF2CC43C}.Debug|Any CPU.ActiveCfg = Debug|Any CPU
		{0C404C95-DCAD-4106-94DE-73F3DF2CC43C}.Debug|Any CPU.Build.0 = Debug|Any CPU
		{0C404C95-DCAD-4106-94DE-73F3DF2CC43C}.Release|Any CPU.ActiveCfg = Release|Any CPU
		{0C404C95-DCAD-4106-94DE-73F3DF2CC43C}.Release|Any CPU.Build.0 = Release|Any CPU
		{1887FD3D-C784-4483-8EA1-7A8DD6BAA3B8}.Debug|Any CPU.ActiveCfg = Debug|Any CPU
		{1887FD3D-C784-4483-8EA1-7A8DD6BAA3B8}.Debug|Any CPU.Build.0 = Debug|Any CPU
		{1887FD3D-C784-4483-8EA1-7A8DD6BAA3B8}.Release|Any CPU.ActiveCfg = Release|Any CPU
		{1887FD3D-C784-4483-8EA1-7A8DD6BAA3B8}.Release|Any CPU.Build.0 = Release|Any CPU
	EndGlobalSection
EndGlobal
